
Microsoft Visual Studio Solution File, Format Version 12.00
# Visual Studio Version 16
VisualStudioVersion = 16.0.30804.86
MinimumVisualStudioVersion = 10.0.40219.1
Project("{9A19103F-16F7-4668-BE54-9A1E7A4F7556}") = "MealPicker.Domain", "MealPicker.Domain\MealPicker.Domain.csproj", "{141338E0-B30C-40E6-BE98-9B57F597E3A6}"
EndProject
Project("{9A19103F-16F7-4668-BE54-9A1E7A4F7556}") = "MealPicker.Application", "MealPicker.Application\MealPicker.Application.csproj", "{BFAF8BD7-63C3-44F4-B5CB-D086315838CC}"
EndProject
Project("{9A19103F-16F7-4668-BE54-9A1E7A4F7556}") = "MealPicker.Presentation", "MealPicker.Presentation\MealPicker.Presentation.csproj", "{EC1B1F95-ED9C-4EE9-BFBD-A49F33E39C0A}"
EndProject
Project("{9A19103F-16F7-4668-BE54-9A1E7A4F7556}") = "MealPicker.UI", "MealPicker.UI\MealPicker.UI.csproj", "{0115E499-0064-4DB5-9A49-C55515BCEC17}"
EndProject
Project("{FAE04EC0-301F-11D3-BF4B-00C04F79EFBC}") = "MealPicker.Presistance", "MealPicker.Presistance\MealPicker.Presistance.csproj", "{9881B55A-0272-448C-9BAE-15AAE12F138D}"
EndProject
Global
	GlobalSection(SolutionConfigurationPlatforms) = preSolution
		Debug|Any CPU = Debug|Any CPU
		Release|Any CPU = Release|Any CPU
	EndGlobalSection
	GlobalSection(ProjectConfigurationPlatforms) = postSolution
		{141338E0-B30C-40E6-BE98-9B57F597E3A6}.Debug|Any CPU.ActiveCfg = Debug|Any CPU
		{141338E0-B30C-40E6-BE98-9B57F597E3A6}.Debug|Any CPU.Build.0 = Debug|Any CPU
		{141338E0-B30C-40E6-BE98-9B57F597E3A6}.Release|Any CPU.ActiveCfg = Release|Any CPU
		{141338E0-B30C-40E6-BE98-9B57F597E3A6}.Release|Any CPU.Build.0 = Release|Any CPU
		{BFAF8BD7-63C3-44F4-B5CB-D086315838CC}.Debug|Any CPU.ActiveCfg = Debug|Any CPU
		{BFAF8BD7-63C3-44F4-B5CB-D086315838CC}.Debug|Any CPU.Build.0 = Debug|Any CPU
		{BFAF8BD7-63C3-44F4-B5CB-D086315838CC}.Release|Any CPU.ActiveCfg = Release|Any CPU
		{BFAF8BD7-63C3-44F4-B5CB-D086315838CC}.Release|Any CPU.Build.0 = Release|Any CPU
		{EC1B1F95-ED9C-4EE9-BFBD-A49F33E39C0A}.Debug|Any CPU.ActiveCfg = Debug|Any CPU
		{EC1B1F95-ED9C-4EE9-BFBD-A49F33E39C0A}.Debug|Any CPU.Build.0 = Debug|Any CPU
		{EC1B1F95-ED9C-4EE9-BFBD-A49F33E39C0A}.Release|Any CPU.ActiveCfg = Release|Any CPU
		{EC1B1F95-ED9C-4EE9-BFBD-A49F33E39C0A}.Release|Any CPU.Build.0 = Release|Any CPU
		{0115E499-0064-4DB5-9A49-C55515BCEC17}.Debug|Any CPU.ActiveCfg = Debug|Any CPU
		{0115E499-0064-4DB5-9A49-C55515BCEC17}.Debug|Any CPU.Build.0 = Debug|Any CPU
		{0115E499-0064-4DB5-9A49-C55515BCEC17}.Release|Any CPU.ActiveCfg = Release|Any CPU
		{0115E499-0064-4DB5-9A49-C55515BCEC17}.Release|Any CPU.Build.0 = Release|Any CPU
		{9881B55A-0272-448C-9BAE-15AAE12F138D}.Debug|Any CPU.ActiveCfg = Debug|Any CPU
		{9881B55A-0272-448C-9BAE-15AAE12F138D}.Debug|Any CPU.Build.0 = Debug|Any CPU
		{9881B55A-0272-448C-9BAE-15AAE12F138D}.Release|Any CPU.ActiveCfg = Release|Any CPU
		{9881B55A-0272-448C-9BAE-15AAE12F138D}.Release|Any CPU.Build.0 = Release|Any CPU
	EndGlobalSection
	GlobalSection(SolutionProperties) = preSolution
		HideSolutionNode = FALSE
	EndGlobalSection
	GlobalSection(ExtensibilityGlobals) = postSolution
		SolutionGuid = {C382AE31-BE2D-4AEB-8BBC-EC3882DD0312}
	EndGlobalSection
EndGlobal
